# This file is @generated by PDM.
# It is not intended for manual editing.

[metadata]
groups = ["default"]
strategy = ["cross_platform", "inherit_metadata"]
lock_version = "4.4.2"
content_hash = "sha256:4cef3b87205d39941c253adf5230e0db6f592a7cd75b91752e4d68de97ec9967"

[[package]]
name = "avilla-core"
version = "1.0.0a26"
requires_python = ">=3.9"
summary = ""
groups = ["default"]
dependencies = [
    "creart>=0.3.0",
    "graia-amnesia>=0.9.0",
    "graia-broadcast>=0.23.1",
    "launart>=0.8.2",
    "loguru>=0.6.0",
]
files = [
    {file = "avilla_core-1.0.0a26-py3-none-any.whl", hash = "sha256:a7098c24d227dce527d1be3803e85dbaa222d8ade62b614042e006ff6c097b55"},
    {file = "avilla_core-1.0.0a26.tar.gz", hash = "sha256:d18f38838d72198e0e58b2b455879856c161ee47887610708bed4bc8428a3cf9"},
]

[[package]]
name = "colorama"
version = "0.4.6"
requires_python = "!=3.0.*,!=3.1.*,!=3.2.*,!=3.3.*,!=3.4.*,!=3.5.*,!=3.6.*,>=2.7"
summary = "Cross-platform colored terminal text."
groups = ["default"]
marker = "sys_platform == \"win32\""
files = [
    {file = "colorama-0.4.6-py2.py3-none-any.whl", hash = "sha256:4f1d9991f5acc0ca119f9d443620b77f9d6b33703e51011c16baf57afb285fc6"},
    {file = "colorama-0.4.6.tar.gz", hash = "sha256:08695f5cb7ed6e0531a20572697297273c47b8cae5a63ffc6d6ed5c201be6e44"},
]

[[package]]
name = "creart"
version = "0.3.0"
requires_python = ">=3.8"
summary = "a universal, extensible class instantiation helper"
groups = ["default"]
dependencies = [
    "importlib-metadata>=3.6",
]
files = [
    {file = "creart-0.3.0-py3-none-any.whl", hash = "sha256:43074f6f59430f41b72d3c04ba4d268af0f32842fbc94bbda4b81ae464be0ee1"},
    {file = "creart-0.3.0.tar.gz", hash = "sha256:39fea77476d26d2bd5891aa3b5f16cab5567b37b855483e37f094ba005bf0d1f"},
]

[[package]]
name = "graia-amnesia"
version = "0.9.0"
requires_python = "<4.0,>=3.8"
summary = "a collection of shared components for graia"
groups = ["default"]
dependencies = [
    "launart<1.0.0,>=0.7.0",
    "typing-extensions>=4.0.0",
]
files = [
    {file = "graia_amnesia-0.9.0-py3-none-any.whl", hash = "sha256:c78fd34e5955122575744a5b7d78fc636cee644e15eea543d68d07dfe12c6cf1"},
    {file = "graia_amnesia-0.9.0.tar.gz", hash = "sha256:0a211c35eb55449b0ecfcdb1793148a1c525205d465e8202c242ab8924fc1ee0"},
]

[[package]]
name = "graia-broadcast"
version = "0.23.5"
requires_python = "<4.0,>=3.8"
summary = "a highly customizable, elegantly designed event system based on asyncio"
groups = ["default"]
dependencies = [
    "creart~=0.3.0",
]
files = [
    {file = "graia_broadcast-0.23.5-py3-none-any.whl", hash = "sha256:5f294d1e929a5664d3e0d11f7d82bca5ba6939c0a132a86a72f69c24221b20db"},
    {file = "graia_broadcast-0.23.5.tar.gz", hash = "sha256:4be8e7f00a177c734cec722f808d5fa9e8b157d2abe06c97f93cd7b3009af620"},
]

[[package]]
name = "importlib-metadata"
version = "8.0.0"
requires_python = ">=3.8"
summary = "Read metadata from Python packages"
groups = ["default"]
dependencies = [
    "zipp>=0.5",
]
files = [
    {file = "importlib_metadata-8.0.0-py3-none-any.whl", hash = "sha256:15584cf2b1bf449d98ff8a6ff1abef57bf20f3ac6454f431736cd3e660921b2f"},
    {file = "importlib_metadata-8.0.0.tar.gz", hash = "sha256:188bd24e4c346d3f0a933f275c2fec67050326a856b9a359881d7c2a697e8812"},
]

[[package]]
name = "launart"
version = "0.8.2"
requires_python = ">=3.8"
summary = "Component lifetime manager for runtime."
groups = ["default"]
dependencies = [
    "creart>=0.3.0",
    "loguru>=0.6.0",
    "statv>=0.2.2",
]
files = [
    {file = "launart-0.8.2-py3-none-any.whl", hash = "sha256:081bcfdeb6db747cd96e479dae23c3c918ad4d570c4078a8adffcf81aeecea0c"},
    {file = "launart-0.8.2.tar.gz", hash = "sha256:b1ba35d79a7cb6e3cb09195ef3b7cdf47ecaefb7838020607a0c371e188cc96c"},
]

[[package]]
name = "loguru"
version = "0.7.2"
requires_python = ">=3.5"
summary = "Python logging made (stupidly) simple"
groups = ["default"]
dependencies = [
    "colorama>=0.3.4; sys_platform == \"win32\"",
    "win32-setctime>=1.0.0; sys_platform == \"win32\"",
]
files = [
    {file = "loguru-0.7.2-py3-none-any.whl", hash = "sha256:003d71e3d3ed35f0f8984898359d65b79e5b21943f78af86aa5491210429b8eb"},
    {file = "loguru-0.7.2.tar.gz", hash = "sha256:e671a53522515f34fd406340ee968cb9ecafbc4b36c679da03c18fd8d0bd51ac"},
]

[[package]]
name = "statv"
version = "0.3.2"
requires_python = ">=3.8"
summary = "a uniform status implementation for graia project"
groups = ["default"]
files = [
    {file = "statv-0.3.2-py3-none-any.whl", hash = "sha256:32e430b21ab6a62695c67ab6cae3dba6e01e9c3fdbc9344e3236ad7a1f51d0c7"},
    {file = "statv-0.3.2.tar.gz", hash = "sha256:fb4df2a37bf7a792e36a6e657c74cbdef9e2cdb8de3a0762b28b35c9e13f0fdd"},
]

[[package]]
name = "typing-extensions"
version = "4.12.2"
requires_python = ">=3.8"
summary = "Backported and Experimental Type Hints for Python 3.8+"
groups = ["default"]
files = [
    {file = "typing_extensions-4.12.2-py3-none-any.whl", hash = "sha256:04e5ca0351e0f3f85c6853954072df659d0d13fac324d0072316b67d7794700d"},
    {file = "typing_extensions-4.12.2.tar.gz", hash = "sha256:1a7ead55c7e559dd4dee8856e3a88b41225abfe1ce8df57b7c13915fe121ffb8"},
]

[[package]]
name = "win32-setctime"
version = "1.1.0"
requires_python = ">=3.5"
summary = "A small Python utility to set file creation time on Windows"
groups = ["default"]
marker = "sys_platform == \"win32\""
files = [
    {file = "win32_setctime-1.1.0-py3-none-any.whl", hash = "sha256:231db239e959c2fe7eb1d7dc129f11172354f98361c4fa2d6d2d7e278baa8aad"},
    {file = "win32_setctime-1.1.0.tar.gz", hash = "sha256:15cf5750465118d6929ae4de4eb46e8edae9a5634350c01ba582df868e932cb2"},
]

[[package]]
name = "zipp"
version = "3.19.2"
requires_python = ">=3.8"
summary = "Backport of pathlib-compatible object wrapper for zip files"
groups = ["default"]
files = [
    {file = "zipp-3.19.2-py3-none-any.whl", hash = "sha256:f091755f667055f2d02b32c53771a7a6c8b47e1fdbc4b72a8b9072b3eef8015c"},
    {file = "zipp-3.19.2.tar.gz", hash = "sha256:bf1dcf6450f873a13e952a29504887c89e6de7506209e5b1bcc3460135d4de19"},
]
